
Microsoft Visual Studio Solution File, Format Version 12.00
# Visual Studio 15
VisualStudioVersion = 15.0.28307.102
MinimumVisualStudioVersion = 10.0.40219.1
Project("{888888A0-9F3D-457C-B088-3A5042F75D52}") = "TFS2017", "TFS2017.pyproj", "{6C03896F-11EF-42E4-AB12-B466BC0CE71A}"
EndProject
Global
	GlobalSection(SolutionConfigurationPlatforms) = preSolution
		Debug|Any CPU = Debug|Any CPU
		Release|Any CPU = Release|Any CPU
	EndGlobalSection
	GlobalSection(ProjectConfigurationPlatforms) = postSolution
		{6C03896F-11EF-42E4-AB12-B466BC0CE71A}.Debug|Any CPU.ActiveCfg = Debug|Any CPU
		{6C03896F-11EF-42E4-AB12-B466BC0CE71A}.Release|Any CPU.ActiveCfg = Release|Any CPU
	EndGlobalSection
	GlobalSection(SolutionProperties) = preSolution
		HideSolutionNode = FALSE
	EndGlobalSection
	GlobalSection(ExtensibilityGlobals) = postSolution
		SolutionGuid = {D3CBDA91-9DFA-43CB-99C2-8380C77BC3CD}
	EndGlobalSection
EndGlobal
